
Microsoft Visual Studio Solution File, Format Version 12.00
# Visual Studio Version 17
VisualStudioVersion = 17.2.32616.157
MinimumVisualStudioVersion = 10.0.40219.1
Project("{FAE04EC0-301F-11D3-BF4B-00C04F79EFBC}") = "E-Okul", "E-Okul\E-Okul.csproj", "{CE56AA39-5549-4AAA-BACE-B09AA61D1459}"
EndProject
Global
	GlobalSection(SolutionConfigurationPlatforms) = preSolution
		Debug|Any CPU = Debug|Any CPU
		Release|Any CPU = Release|Any CPU
	EndGlobalSection
	GlobalSection(ProjectConfigurationPlatforms) = postSolution
		{CE56AA39-5549-4AAA-BACE-B09AA61D1459}.Debug|Any CPU.ActiveCfg = Debug|Any CPU
		{CE56AA39-5549-4AAA-BACE-B09AA61D1459}.Debug|Any CPU.Build.0 = Debug|Any CPU
		{CE56AA39-5549-4AAA-BACE-B09AA61D1459}.Release|Any CPU.ActiveCfg = Release|Any CPU
		{CE56AA39-5549-4AAA-BACE-B09AA61D1459}.Release|Any CPU.Build.0 = Release|Any CPU
	EndGlobalSection
	GlobalSection(SolutionProperties) = preSolution
		HideSolutionNode = FALSE
	EndGlobalSection
	GlobalSection(ExtensibilityGlobals) = postSolution
		SolutionGuid = {90F12415-818B-443B-9FBC-0DE77FAFC370}
	EndGlobalSection
EndGlobal
